// !$*UTF8*$!
{
	archiveVersion = 1;
	classes = {
	};
	objectVersion = 77;
	objects = {

/* Begin PBXBuildFile section */
		0B4506F82CAE1D4B001AB158 /* BetterSafariView in Frameworks */ = {isa = PBXBuildFile; productRef = 0B4506F72CAE1D4B001AB158 /* BetterSafariView */; };
		0BC655EC2CA76D7C003722F0 /* HTMLEntities in Frameworks */ = {isa = PBXBuildFile; productRef = 0BC655EB2CA76D7C003722F0 /* HTMLEntities */; };
		0BC655EF2CA77C43003722F0 /* SwiftSoup in Frameworks */ = {isa = PBXBuildFile; productRef = 0BC655EE2CA77C43003722F0 /* SwiftSoup */; };
		0BC655F22CA7AB68003722F0 /* FaviconFinder in Frameworks */ = {isa = PBXBuildFile; productRef = 0BC655F12CA7AB68003722F0 /* FaviconFinder */; };
/* End PBXBuildFile section */

/* Begin PBXContainerItemProxy section */
		0B7778A62C96045A00838257 /* PBXContainerItemProxy */ = {
			isa = PBXContainerItemProxy;
			containerPortal = 0B7778892C96045800838257 /* Project object */;
			proxyType = 1;
			remoteGlobalIDString = 0B7778902C96045800838257;
			remoteInfo = Hackery;
		};
		0B7778B02C96045A00838257 /* PBXContainerItemProxy */ = {
			isa = PBXContainerItemProxy;
			containerPortal = 0B7778892C96045800838257 /* Project object */;
			proxyType = 1;
			remoteGlobalIDString = 0B7778902C96045800838257;
			remoteInfo = Hackery;
		};
/* End PBXContainerItemProxy section */

/* Begin PBXFileReference section */
		0B7778912C96045800838257 /* FF6600.app */ = {isa = PBXFileReference; explicitFileType = wrapper.application; includeInIndex = 0; path = FF6600.app; sourceTree = BUILT_PRODUCTS_DIR; };
		0B7778A52C96045A00838257 /* FF6600Tests.xctest */ = {isa = PBXFileReference; explicitFileType = wrapper.cfbundle; includeInIndex = 0; path = FF6600Tests.xctest; sourceTree = BUILT_PRODUCTS_DIR; };
		0B7778AF2C96045A00838257 /* FF6600UITests.xctest */ = {isa = PBXFileReference; explicitFileType = wrapper.cfbundle; includeInIndex = 0; path = FF6600UITests.xctest; sourceTree = BUILT_PRODUCTS_DIR; };
/* End PBXFileReference section */

/* Begin PBXFileSystemSynchronizedBuildFileExceptionSet section */
		0B7778B72C96045A00838257 /* Exceptions for "FF6600" folder in "FF6600" target */ = {
			isa = PBXFileSystemSynchronizedBuildFileExceptionSet;
			membershipExceptions = (
				Info.plist,
			);
			target = 0B7778902C96045800838257 /* FF6600 */;
		};
/* End PBXFileSystemSynchronizedBuildFileExceptionSet section */

/* Begin PBXFileSystemSynchronizedRootGroup section */
		0B7778932C96045800838257 /* FF6600 */ = {
			isa = PBXFileSystemSynchronizedRootGroup;
			exceptions = (
				0B7778B72C96045A00838257 /* Exceptions for "FF6600" folder in "FF6600" target */,
			);
			path = FF6600;
			sourceTree = "<group>";
		};
		0B7778A82C96045A00838257 /* FF6600Tests */ = {
			isa = PBXFileSystemSynchronizedRootGroup;
			path = FF6600Tests;
			sourceTree = "<group>";
		};
		0B7778B22C96045A00838257 /* FF6600UITests */ = {
			isa = PBXFileSystemSynchronizedRootGroup;
			path = FF6600UITests;
			sourceTree = "<group>";
		};
/* End PBXFileSystemSynchronizedRootGroup section */

/* Begin PBXFrameworksBuildPhase section */
		0B77788E2C96045800838257 /* Frameworks */ = {
			isa = PBXFrameworksBuildPhase;
			buildActionMask = 2147483647;
			files = (
				0BC655F22CA7AB68003722F0 /* FaviconFinder in Frameworks */,
				0BC655EC2CA76D7C003722F0 /* HTMLEntities in Frameworks */,
				0BC655EF2CA77C43003722F0 /* SwiftSoup in Frameworks */,
				0B4506F82CAE1D4B001AB158 /* BetterSafariView in Frameworks */,
			);
			runOnlyForDeploymentPostprocessing = 0;
		};
		0B7778A22C96045A00838257 /* Frameworks */ = {
			isa = PBXFrameworksBuildPhase;
			buildActionMask = 2147483647;
			files = (
			);
			runOnlyForDeploymentPostprocessing = 0;
		};
		0B7778AC2C96045A00838257 /* Frameworks */ = {
			isa = PBXFrameworksBuildPhase;
			buildActionMask = 2147483647;
			files = (
			);
			runOnlyForDeploymentPostprocessing = 0;
		};
/* End PBXFrameworksBuildPhase section */

/* Begin PBXGroup section */
		0B7778882C96045800838257 = {
			isa = PBXGroup;
			children = (
				0B7778932C96045800838257 /* FF6600 */,
				0B7778A82C96045A00838257 /* FF6600Tests */,
				0B7778B22C96045A00838257 /* FF6600UITests */,
				0B7778922C96045800838257 /* Products */,
			);
			sourceTree = "<group>";
		};
		0B7778922C96045800838257 /* Products */ = {
			isa = PBXGroup;
			children = (
				0B7778912C96045800838257 /* FF6600.app */,
				0B7778A52C96045A00838257 /* FF6600Tests.xctest */,
				0B7778AF2C96045A00838257 /* FF6600UITests.xctest */,
			);
			name = Products;
			sourceTree = "<group>";
		};
/* End PBXGroup section */

/* Begin PBXNativeTarget section */
		0B7778902C96045800838257 /* FF6600 */ = {
			isa = PBXNativeTarget;
			buildConfigurationList = 0B7778B82C96045A00838257 /* Build configuration list for PBXNativeTarget "FF6600" */;
			buildPhases = (
				0B77788D2C96045800838257 /* Sources */,
				0B77788E2C96045800838257 /* Frameworks */,
				0B77788F2C96045800838257 /* Resources */,
			);
			buildRules = (
			);
			dependencies = (
			);
			fileSystemSynchronizedGroups = (
				0B7778932C96045800838257 /* FF6600 */,
			);
			name = FF6600;
			packageProductDependencies = (
				0BC655EB2CA76D7C003722F0 /* HTMLEntities */,
				0BC655EE2CA77C43003722F0 /* SwiftSoup */,
				0BC655F12CA7AB68003722F0 /* FaviconFinder */,
				0B4506F72CAE1D4B001AB158 /* BetterSafariView */,
			);
			productName = Hackery;
			productReference = 0B7778912C96045800838257 /* FF6600.app */;
			productType = "com.apple.product-type.application";
		};
		0B7778A42C96045A00838257 /* FF6600Tests */ = {
			isa = PBXNativeTarget;
			buildConfigurationList = 0B7778BD2C96045A00838257 /* Build configuration list for PBXNativeTarget "FF6600Tests" */;
			buildPhases = (
				0B7778A12C96045A00838257 /* Sources */,
				0B7778A22C96045A00838257 /* Frameworks */,
				0B7778A32C96045A00838257 /* Resources */,
			);
			buildRules = (
			);
			dependencies = (
				0B7778A72C96045A00838257 /* PBXTargetDependency */,
			);
			fileSystemSynchronizedGroups = (
				0B7778A82C96045A00838257 /* FF6600Tests */,
			);
			name = FF6600Tests;
			packageProductDependencies = (
			);
			productName = HackeryTests;
			productReference = 0B7778A52C96045A00838257 /* FF6600Tests.xctest */;
			productType = "com.apple.product-type.bundle.unit-test";
		};
		0B7778AE2C96045A00838257 /* FF6600UITests */ = {
			isa = PBXNativeTarget;
			buildConfigurationList = 0B7778C02C96045A00838257 /* Build configuration list for PBXNativeTarget "FF6600UITests" */;
			buildPhases = (
				0B7778AB2C96045A00838257 /* Sources */,
				0B7778AC2C96045A00838257 /* Frameworks */,
				0B7778AD2C96045A00838257 /* Resources */,
			);
			buildRules = (
			);
			dependencies = (
				0B7778B12C96045A00838257 /* PBXTargetDependency */,
			);
			fileSystemSynchronizedGroups = (
				0B7778B22C96045A00838257 /* FF6600UITests */,
			);
			name = FF6600UITests;
			packageProductDependencies = (
			);
			productName = HackeryUITests;
			productReference = 0B7778AF2C96045A00838257 /* FF6600UITests.xctest */;
			productType = "com.apple.product-type.bundle.ui-testing";
		};
/* End PBXNativeTarget section */

/* Begin PBXProject section */
		0B7778892C96045800838257 /* Project object */ = {
			isa = PBXProject;
			attributes = {
				BuildIndependentTargetsInParallel = 1;
				LastSwiftUpdateCheck = 1600;
				LastUpgradeCheck = 1600;
				TargetAttributes = {
					0B7778902C96045800838257 = {
						CreatedOnToolsVersion = 16.0;
					};
					0B7778A42C96045A00838257 = {
						CreatedOnToolsVersion = 16.0;
						TestTargetID = 0B7778902C96045800838257;
					};
					0B7778AE2C96045A00838257 = {
						CreatedOnToolsVersion = 16.0;
						TestTargetID = 0B7778902C96045800838257;
					};
				};
			};
			buildConfigurationList = 0B77788C2C96045800838257 /* Build configuration list for PBXProject "FF6600" */;
			developmentRegion = en;
			hasScannedForEncodings = 0;
			knownRegions = (
				en,
				Base,
			);
			mainGroup = 0B7778882C96045800838257;
			minimizedProjectReferenceProxies = 1;
			packageReferences = (
				0BC655EA2CA76D7C003722F0 /* XCRemoteSwiftPackageReference "swift-html-entities" */,
				0BC655ED2CA77C43003722F0 /* XCRemoteSwiftPackageReference "SwiftSoup" */,
				0BC655F02CA7AB68003722F0 /* XCRemoteSwiftPackageReference "FaviconFinder" */,
				0B4506F62CAE1D4B001AB158 /* XCRemoteSwiftPackageReference "BetterSafariView" */,
			);
			preferredProjectObjectVersion = 77;
			productRefGroup = 0B7778922C96045800838257 /* Products */;
			projectDirPath = "";
			projectRoot = "";
			targets = (
				0B7778902C96045800838257 /* FF6600 */,
				0B7778A42C96045A00838257 /* FF6600Tests */,
				0B7778AE2C96045A00838257 /* FF6600UITests */,
			);
		};
/* End PBXProject section */

/* Begin PBXResourcesBuildPhase section */
		0B77788F2C96045800838257 /* Resources */ = {
			isa = PBXResourcesBuildPhase;
			buildActionMask = 2147483647;
			files = (
			);
			runOnlyForDeploymentPostprocessing = 0;
		};
		0B7778A32C96045A00838257 /* Resources */ = {
			isa = PBXResourcesBuildPhase;
			buildActionMask = 2147483647;
			files = (
			);
			runOnlyForDeploymentPostprocessing = 0;
		};
		0B7778AD2C96045A00838257 /* Resources */ = {
			isa = PBXResourcesBuildPhase;
			buildActionMask = 2147483647;
			files = (
			);
			runOnlyForDeploymentPostprocessing = 0;
		};
/* End PBXResourcesBuildPhase section */

/* Begin PBXSourcesBuildPhase section */
		0B77788D2C96045800838257 /* Sources */ = {
			isa = PBXSourcesBuildPhase;
			buildActionMask = 2147483647;
			files = (
			);
			runOnlyForDeploymentPostprocessing = 0;
		};
		0B7778A12C96045A00838257 /* Sources */ = {
			isa = PBXSourcesBuildPhase;
			buildActionMask = 2147483647;
			files = (
			);
			runOnlyForDeploymentPostprocessing = 0;
		};
		0B7778AB2C96045A00838257 /* Sources */ = {
			isa = PBXSourcesBuildPhase;
			buildActionMask = 2147483647;
			files = (
			);
			runOnlyForDeploymentPostprocessing = 0;
		};
/* End PBXSourcesBuildPhase section */

/* Begin PBXTargetDependency section */
		0B7778A72C96045A00838257 /* PBXTargetDependency */ = {
			isa = PBXTargetDependency;
			target = 0B7778902C96045800838257 /* FF6600 */;
			targetProxy = 0B7778A62C96045A00838257 /* PBXContainerItemProxy */;
		};
		0B7778B12C96045A00838257 /* PBXTargetDependency */ = {
			isa = PBXTargetDependency;
			target = 0B7778902C96045800838257 /* FF6600 */;
			targetProxy = 0B7778B02C96045A00838257 /* PBXContainerItemProxy */;
		};
/* End PBXTargetDependency section */

/* Begin XCBuildConfiguration section */
		0B7778B92C96045A00838257 /* Debug */ = {
			isa = XCBuildConfiguration;
			buildSettings = {
				ASSETCATALOG_COMPILER_APPICON_NAME = AppIcon;
				ASSETCATALOG_COMPILER_GLOBAL_ACCENT_COLOR_NAME = AccentColor;
				CODE_SIGN_ENTITLEMENTS = FF6600/FF6600.entitlements;
				CODE_SIGN_STYLE = Automatic;
				CURRENT_PROJECT_VERSION = 1;
				DEVELOPMENT_ASSET_PATHS = "\"FF6600/Preview Content\"";
				DEVELOPMENT_TEAM = KMY78Z7HFB;
				ENABLE_PREVIEWS = YES;
				GENERATE_INFOPLIST_FILE = YES;
				INFOPLIST_FILE = FF6600/Info.plist;
				INFOPLIST_KEY_CFBundleDisplayName = FF6600;
				INFOPLIST_KEY_LSApplicationCategoryType = "public.app-category.news";
				INFOPLIST_KEY_UIApplicationSceneManifest_Generation = YES;
				INFOPLIST_KEY_UIApplicationSupportsIndirectInputEvents = YES;
				INFOPLIST_KEY_UILaunchScreen_Generation = YES;
				INFOPLIST_KEY_UIStatusBarStyle = "";
				INFOPLIST_KEY_UISupportedInterfaceOrientations_iPad = "UIInterfaceOrientationPortrait UIInterfaceOrientationPortraitUpsideDown UIInterfaceOrientationLandscapeLeft UIInterfaceOrientationLandscapeRight";
				INFOPLIST_KEY_UISupportedInterfaceOrientations_iPhone = "UIInterfaceOrientationPortrait UIInterfaceOrientationLandscapeLeft UIInterfaceOrientationLandscapeRight";
				LD_RUNPATH_SEARCH_PATHS = (
					"$(inherited)",
					"@executable_path/Frameworks",
				);
				MARKETING_VERSION = 1.0;
				PRODUCT_BUNDLE_IDENTIFIER = com.jmalexan.FF6600;
				PRODUCT_NAME = "$(TARGET_NAME)";
				SWIFT_EMIT_LOC_STRINGS = YES;
				SWIFT_VERSION = 5.0;
				TARGETED_DEVICE_FAMILY = "1,2";
			};
			name = Debug;
		};
		0B7778BA2C96045A00838257 /* Release */ = {
			isa = XCBuildConfiguration;
			buildSettings = {
				ASSETCATALOG_COMPILER_APPICON_NAME = AppIcon;
				ASSETCATALOG_COMPILER_GLOBAL_ACCENT_COLOR_NAME = AccentColor;
				CODE_SIGN_ENTITLEMENTS = FF6600/FF6600.entitlements;
				CODE_SIGN_STYLE = Automatic;
				CURRENT_PROJECT_VERSION = 1;
				DEVELOPMENT_ASSET_PATHS = "\"FF6600/Preview Content\"";
				DEVELOPMENT_TEAM = KMY78Z7HFB;
				ENABLE_PREVIEWS = YES;
				GENERATE_INFOPLIST_FILE = YES;
				INFOPLIST_FILE = FF6600/Info.plist;
				INFOPLIST_KEY_CFBundleDisplayName = FF6600;
				INFOPLIST_KEY_LSApplicationCategoryType = "public.app-category.news";
				INFOPLIST_KEY_UIApplicationSceneManifest_Generation = YES;
				INFOPLIST_KEY_UIApplicationSupportsIndirectInputEvents = YES;
				INFOPLIST_KEY_UILaunchScreen_Generation = YES;
				INFOPLIST_KEY_UIStatusBarStyle = "";
				INFOPLIST_KEY_UISupportedInterfaceOrientations_iPad = "UIInterfaceOrientationPortrait UIInterfaceOrientationPortraitUpsideDown UIInterfaceOrientationLandscapeLeft UIInterfaceOrientationLandscapeRight";
				INFOPLIST_KEY_UISupportedInterfaceOrientations_iPhone = "UIInterfaceOrientationPortrait UIInterfaceOrientationLandscapeLeft UIInterfaceOrientationLandscapeRight";
				LD_RUNPATH_SEARCH_PATHS = (
					"$(inherited)",
					"@executable_path/Frameworks",
				);
				MARKETING_VERSION = 1.0;
				PRODUCT_BUNDLE_IDENTIFIER = com.jmalexan.FF6600;
				PRODUCT_NAME = "$(TARGET_NAME)";
				SWIFT_EMIT_LOC_STRINGS = YES;
				SWIFT_VERSION = 5.0;
				TARGETED_DEVICE_FAMILY = "1,2";
			};
			name = Release;
		};
		0B7778BB2C96045A00838257 /* Debug */ = {
			isa = XCBuildConfiguration;
			buildSettings = {
				ALWAYS_SEARCH_USER_PATHS = NO;
				ASSETCATALOG_COMPILER_GENERATE_SWIFT_ASSET_SYMBOL_EXTENSIONS = YES;
				CLANG_ANALYZER_NONNULL = YES;
				CLANG_ANALYZER_NUMBER_OBJECT_CONVERSION = YES_AGGRESSIVE;
				CLANG_CXX_LANGUAGE_STANDARD = "gnu++20";
				CLANG_ENABLE_MODULES = YES;
				CLANG_ENABLE_OBJC_ARC = YES;
				CLANG_ENABLE_OBJC_WEAK = YES;
				CLANG_WARN_BLOCK_CAPTURE_AUTORELEASING = YES;
				CLANG_WARN_BOOL_CONVERSION = YES;
				CLANG_WARN_COMMA = YES;
				CLANG_WARN_CONSTANT_CONVERSION = YES;
				CLANG_WARN_DEPRECATED_OBJC_IMPLEMENTATIONS = YES;
				CLANG_WARN_DIRECT_OBJC_ISA_USAGE = YES_ERROR;
				CLANG_WARN_DOCUMENTATION_COMMENTS = YES;
				CLANG_WARN_EMPTY_BODY = YES;
				CLANG_WARN_ENUM_CONVERSION = YES;
				CLANG_WARN_INFINITE_RECURSION = YES;
				CLANG_WARN_INT_CONVERSION = YES;
				CLANG_WARN_NON_LITERAL_NULL_CONVERSION = YES;
				CLANG_WARN_OBJC_IMPLICIT_RETAIN_SELF = YES;
				CLANG_WARN_OBJC_LITERAL_CONVERSION = YES;
				CLANG_WARN_OBJC_ROOT_CLASS = YES_ERROR;
				CLANG_WARN_QUOTED_INCLUDE_IN_FRAMEWORK_HEADER = YES;
				CLANG_WARN_RANGE_LOOP_ANALYSIS = YES;
				CLANG_WARN_STRICT_PROTOTYPES = YES;
				CLANG_WARN_SUSPICIOUS_MOVE = YES;
				CLANG_WARN_UNGUARDED_AVAILABILITY = YES_AGGRESSIVE;
				CLANG_WARN_UNREACHABLE_CODE = YES;
				CLANG_WARN__DUPLICATE_METHOD_MATCH = YES;
				COPY_PHASE_STRIP = NO;
				DEBUG_INFORMATION_FORMAT = dwarf;
				ENABLE_STRICT_OBJC_MSGSEND = YES;
				ENABLE_TESTABILITY = YES;
				ENABLE_USER_SCRIPT_SANDBOXING = YES;
				GCC_C_LANGUAGE_STANDARD = gnu17;
				GCC_DYNAMIC_NO_PIC = NO;
				GCC_NO_COMMON_BLOCKS = YES;
				GCC_OPTIMIZATION_LEVEL = 0;
				GCC_PREPROCESSOR_DEFINITIONS = (
					"DEBUG=1",
					"$(inherited)",
				);
				GCC_WARN_64_TO_32_BIT_CONVERSION = YES;
				GCC_WARN_ABOUT_RETURN_TYPE = YES_ERROR;
				GCC_WARN_UNDECLARED_SELECTOR = YES;
				GCC_WARN_UNINITIALIZED_AUTOS = YES_AGGRESSIVE;
				GCC_WARN_UNUSED_FUNCTION = YES;
				GCC_WARN_UNUSED_VARIABLE = YES;
				IPHONEOS_DEPLOYMENT_TARGET = 26.0;
				LOCALIZATION_PREFERS_STRING_CATALOGS = YES;
				MTL_ENABLE_DEBUG_INFO = INCLUDE_SOURCE;
				MTL_FAST_MATH = YES;
				ONLY_ACTIVE_ARCH = YES;
				SDKROOT = iphoneos;
				SWIFT_ACTIVE_COMPILATION_CONDITIONS = "DEBUG $(inherited)";
				SWIFT_OPTIMIZATION_LEVEL = "-Onone";
			};
			name = Debug;
		};
		0B7778BC2C96045A00838257 /* Release */ = {
			isa = XCBuildConfiguration;
			buildSettings = {
				ALWAYS_SEARCH_USER_PATHS = NO;
				ASSETCATALOG_COMPILER_GENERATE_SWIFT_ASSET_SYMBOL_EXTENSIONS = YES;
				CLANG_ANALYZER_NONNULL = YES;
				CLANG_ANALYZER_NUMBER_OBJECT_CONVERSION = YES_AGGRESSIVE;
				CLANG_CXX_LANGUAGE_STANDARD = "gnu++20";
				CLANG_ENABLE_MODULES = YES;
				CLANG_ENABLE_OBJC_ARC = YES;
				CLANG_ENABLE_OBJC_WEAK = YES;
				CLANG_WARN_BLOCK_CAPTURE_AUTORELEASING = YES;
				CLANG_WARN_BOOL_CONVERSION = YES;
				CLANG_WARN_COMMA = YES;
				CLANG_WARN_CONSTANT_CONVERSION = YES;
				CLANG_WARN_DEPRECATED_OBJC_IMPLEMENTATIONS = YES;
				CLANG_WARN_DIRECT_OBJC_ISA_USAGE = YES_ERROR;
				CLANG_WARN_DOCUMENTATION_COMMENTS = YES;
				CLANG_WARN_EMPTY_BODY = YES;
				CLANG_WARN_ENUM_CONVERSION = YES;
				CLANG_WARN_INFINITE_RECURSION = YES;
				CLANG_WARN_INT_CONVERSION = YES;
				CLANG_WARN_NON_LITERAL_NULL_CONVERSION = YES;
				CLANG_WARN_OBJC_IMPLICIT_RETAIN_SELF = YES;
				CLANG_WARN_OBJC_LITERAL_CONVERSION = YES;
				CLANG_WARN_OBJC_ROOT_CLASS = YES_ERROR;
				CLANG_WARN_QUOTED_INCLUDE_IN_FRAMEWORK_HEADER = YES;
				CLANG_WARN_RANGE_LOOP_ANALYSIS = YES;
				CLANG_WARN_STRICT_PROTOTYPES = YES;
				CLANG_WARN_SUSPICIOUS_MOVE = YES;
				CLANG_WARN_UNGUARDED_AVAILABILITY = YES_AGGRESSIVE;
				CLANG_WARN_UNREACHABLE_CODE = YES;
				CLANG_WARN__DUPLICATE_METHOD_MATCH = YES;
				COPY_PHASE_STRIP = NO;
				DEBUG_INFORMATION_FORMAT = "dwarf-with-dsym";
				ENABLE_NS_ASSERTIONS = NO;
				ENABLE_STRICT_OBJC_MSGSEND = YES;
				ENABLE_USER_SCRIPT_SANDBOXING = YES;
				GCC_C_LANGUAGE_STANDARD = gnu17;
				GCC_NO_COMMON_BLOCKS = YES;
				GCC_WARN_64_TO_32_BIT_CONVERSION = YES;
				GCC_WARN_ABOUT_RETURN_TYPE = YES_ERROR;
				GCC_WARN_UNDECLARED_SELECTOR = YES;
				GCC_WARN_UNINITIALIZED_AUTOS = YES_AGGRESSIVE;
				GCC_WARN_UNUSED_FUNCTION = YES;
				GCC_WARN_UNUSED_VARIABLE = YES;
				IPHONEOS_DEPLOYMENT_TARGET = 26.0;
				LOCALIZATION_PREFERS_STRING_CATALOGS = YES;
				MTL_ENABLE_DEBUG_INFO = NO;
				MTL_FAST_MATH = YES;
				SDKROOT = iphoneos;
				SWIFT_COMPILATION_MODE = wholemodule;
				VALIDATE_PRODUCT = YES;
			};
			name = Release;
		};
		0B7778BE2C96045A00838257 /* Debug */ = {
			isa = XCBuildConfiguration;
			buildSettings = {
				BUNDLE_LOADER = "$(TEST_HOST)";
				CODE_SIGN_STYLE = Automatic;
				CURRENT_PROJECT_VERSION = 1;
				DEVELOPMENT_TEAM = KMY78Z7HFB;
				GENERATE_INFOPLIST_FILE = YES;
				IPHONEOS_DEPLOYMENT_TARGET = 18.0;
				MARKETING_VERSION = 1.0;
				PRODUCT_BUNDLE_IDENTIFIER = com.jmalexan.HackeryTests;
				PRODUCT_NAME = "$(TARGET_NAME)";
				SWIFT_EMIT_LOC_STRINGS = NO;
				SWIFT_VERSION = 5.0;
				TARGETED_DEVICE_FAMILY = "1,2";
				TEST_HOST = "$(BUILT_PRODUCTS_DIR)/FF6600.app/$(BUNDLE_EXECUTABLE_FOLDER_PATH)/FF6600";
			};
			name = Debug;
		};
		0B7778BF2C96045A00838257 /* Release */ = {
			isa = XCBuildConfiguration;
			buildSettings = {
				BUNDLE_LOADER = "$(TEST_HOST)";
				CODE_SIGN_STYLE = Automatic;
				CURRENT_PROJECT_VERSION = 1;
				DEVELOPMENT_TEAM = KMY78Z7HFB;
				GENERATE_INFOPLIST_FILE = YES;
				IPHONEOS_DEPLOYMENT_TARGET = 18.0;
				MARKETING_VERSION = 1.0;
				PRODUCT_BUNDLE_IDENTIFIER = com.jmalexan.HackeryTests;
				PRODUCT_NAME = "$(TARGET_NAME)";
				SWIFT_EMIT_LOC_STRINGS = NO;
				SWIFT_VERSION = 5.0;
				TARGETED_DEVICE_FAMILY = "1,2";
				TEST_HOST = "$(BUILT_PRODUCTS_DIR)/FF6600.app/$(BUNDLE_EXECUTABLE_FOLDER_PATH)/FF6600";
			};
			name = Release;
		};
		0B7778C12C96045A00838257 /* Debug */ = {
			isa = XCBuildConfiguration;
			buildSettings = {
				CODE_SIGN_STYLE = Automatic;
				CURRENT_PROJECT_VERSION = 1;
				DEVELOPMENT_TEAM = KMY78Z7HFB;
				GENERATE_INFOPLIST_FILE = YES;
				MARKETING_VERSION = 1.0;
				PRODUCT_BUNDLE_IDENTIFIER = com.jmalexan.HackeryUITests;
				PRODUCT_NAME = "$(TARGET_NAME)";
				SWIFT_EMIT_LOC_STRINGS = NO;
				SWIFT_VERSION = 5.0;
				TARGETED_DEVICE_FAMILY = "1,2";
				TEST_TARGET_NAME = Hackery;
			};
			name = Debug;
		};
		0B7778C22C96045A00838257 /* Release */ = {
			isa = XCBuildConfiguration;
			buildSettings = {
				CODE_SIGN_STYLE = Automatic;
				CURRENT_PROJECT_VERSION = 1;
				DEVELOPMENT_TEAM = KMY78Z7HFB;
				GENERATE_INFOPLIST_FILE = YES;
				MARKETING_VERSION = 1.0;
				PRODUCT_BUNDLE_IDENTIFIER = com.jmalexan.HackeryUITests;
				PRODUCT_NAME = "$(TARGET_NAME)";
				SWIFT_EMIT_LOC_STRINGS = NO;
				SWIFT_VERSION = 5.0;
				TARGETED_DEVICE_FAMILY = "1,2";
				TEST_TARGET_NAME = Hackery;
			};
			name = Release;
		};
/* End XCBuildConfiguration section */

/* Begin XCConfigurationList section */
		0B77788C2C96045800838257 /* Build configuration list for PBXProject "FF6600" */ = {
			isa = XCConfigurationList;
			buildConfigurations = (
				0B7778BB2C96045A00838257 /* Debug */,
				0B7778BC2C96045A00838257 /* Release */,
			);
			defaultConfigurationIsVisible = 0;
			defaultConfigurationName = Release;
		};
		0B7778B82C96045A00838257 /* Build configuration list for PBXNativeTarget "FF6600" */ = {
			isa = XCConfigurationList;
			buildConfigurations = (
				0B7778B92C96045A00838257 /* Debug */,
				0B7778BA2C96045A00838257 /* Release */,
			);
			defaultConfigurationIsVisible = 0;
			defaultConfigurationName = Release;
		};
		0B7778BD2C96045A00838257 /* Build configuration list for PBXNativeTarget "FF6600Tests" */ = {
			isa = XCConfigurationList;
			buildConfigurations = (
				0B7778BE2C96045A00838257 /* Debug */,
				0B7778BF2C96045A00838257 /* Release */,
			);
			defaultConfigurationIsVisible = 0;
			defaultConfigurationName = Release;
		};
		0B7778C02C96045A00838257 /* Build configuration list for PBXNativeTarget "FF6600UITests" */ = {
			isa = XCConfigurationList;
			buildConfigurations = (
				0B7778C12C96045A00838257 /* Debug */,
				0B7778C22C96045A00838257 /* Release */,
			);
			defaultConfigurationIsVisible = 0;
			defaultConfigurationName = Release;
		};
/* End XCConfigurationList section */

/* Begin XCRemoteSwiftPackageReference section */
		0B4506F62CAE1D4B001AB158 /* XCRemoteSwiftPackageReference "BetterSafariView" */ = {
			isa = XCRemoteSwiftPackageReference;
			repositoryURL = "https://github.com/stleamist/BetterSafariView";
			requirement = {
				kind = upToNextMajorVersion;
				minimumVersion = 2.4.2;
			};
		};
		0BC655EA2CA76D7C003722F0 /* XCRemoteSwiftPackageReference "swift-html-entities" */ = {
			isa = XCRemoteSwiftPackageReference;
			repositoryURL = "https://github.com/Kitura/swift-html-entities.git";
			requirement = {
				kind = upToNextMajorVersion;
				minimumVersion = 4.0.1;
			};
		};
		0BC655ED2CA77C43003722F0 /* XCRemoteSwiftPackageReference "SwiftSoup" */ = {
			isa = XCRemoteSwiftPackageReference;
			repositoryURL = "https://github.com/scinfu/SwiftSoup.git";
			requirement = {
				kind = upToNextMajorVersion;
				minimumVersion = 2.7.5;
			};
		};
		0BC655F02CA7AB68003722F0 /* XCRemoteSwiftPackageReference "FaviconFinder" */ = {
			isa = XCRemoteSwiftPackageReference;
			repositoryURL = "https://github.com/will-lumley/FaviconFinder";
			requirement = {
				kind = upToNextMajorVersion;
				minimumVersion = 5.1.0;
			};
		};
/* End XCRemoteSwiftPackageReference section */

/* Begin XCSwiftPackageProductDependency section */
		0B4506F72CAE1D4B001AB158 /* BetterSafariView */ = {
			isa = XCSwiftPackageProductDependency;
			package = 0B4506F62CAE1D4B001AB158 /* XCRemoteSwiftPackageReference "BetterSafariView" */;
			productName = BetterSafariView;
		};
		0BC655EB2CA76D7C003722F0 /* HTMLEntities */ = {
			isa = XCSwiftPackageProductDependency;
			package = 0BC655EA2CA76D7C003722F0 /* XCRemoteSwiftPackageReference "swift-html-entities" */;
			productName = HTMLEntities;
		};
		0BC655EE2CA77C43003722F0 /* SwiftSoup */ = {
			isa = XCSwiftPackageProductDependency;
			package = 0BC655ED2CA77C43003722F0 /* XCRemoteSwiftPackageReference "SwiftSoup" */;
			productName = SwiftSoup;
		};
		0BC655F12CA7AB68003722F0 /* FaviconFinder */ = {
			isa = XCSwiftPackageProductDependency;
			package = 0BC655F02CA7AB68003722F0 /* XCRemoteSwiftPackageReference "FaviconFinder" */;
			productName = FaviconFinder;
		};
/* End XCSwiftPackageProductDependency section */
	};
	rootObject = 0B7778892C96045800838257 /* Project object */;
}
