{
  "originHash" : "36bab09b71d614aa2067f5ca89c91aa55d41812c4fd047a59131344b662bc7c2",
  "pins" : [
    {
      "identity" : "bettersafariview",
      "kind" : "remoteSourceControl",
      "location" : "https://github.com/stleamist/BetterSafariView",
      "state" : {
        "revision" : "884533749e55949b2566030948c6fdbe2873ed0c",
        "version" : "2.4.2"
      }
    },
    {
      "identity" : "faviconfinder",
      "kind" : "remoteSourceControl",
      "location" : "https://github.com/will-lumley/FaviconFinder",
      "state" : {
        "revision" : "70b327a4d165c93b8cf2b27b5b687fba3bdfbb9f",
        "version" : "5.1.0"
      }
    },
    {
      "identity" : "swift-html-entities",
      "kind" : "remoteSourceControl",
      "location" : "https://github.com/Kitura/swift-html-entities.git",
      "state" : {
        "revision" : "d8ca73197f59ce260c71bd6d7f6eb8bbdccf508b",
        "version" : "4.0.1"
      }
    },
    {
      "identity" : "swiftlintplugins",
      "kind" : "remoteSourceControl",
      "location" : "https://github.com/SimplyDanny/SwiftLintPlugins",
      "state" : {
        "revision" : "7c80ce6f142164b0201871e580b021d1b2c69804",
        "version" : "0.57.0"
      }
    },
    {
      "identity" : "swiftsoup",
      "kind" : "remoteSourceControl",
      "location" : "https://github.com/scinfu/SwiftSoup.git",
      "state" : {
        "revision" : "3c2c7e1e72b8abd96eafbae80323c5c1e5317437",
        "version" : "2.7.5"
      }
    }
  ],
  "version" : 3
}
